// !$*UTF8*$!
{
	archiveVersion = 1;
	classes = {
	};
	objectVersion = 46;
	objects = {

/* Begin PBXBuildFile section */
		089C7FA91EA07E9D00BEF607 /* AppDelegate.m in Sources */ = {isa = PBXBuildFile; fileRef = 089C7FA81EA07E9D00BEF607 /* AppDelegate.m */; };
		089C7FBF1EA07E9D00BEF607 /* YWLoopScrollViewDemoTests.m in Sources */ = {isa = PBXBuildFile; fileRef = 089C7FBE1EA07E9D00BEF607 /* YWLoopScrollViewDemoTests.m */; };
		089C7FCA1EA07E9D00BEF607 /* YWLoopScrollViewDemoUITests.m in Sources */ = {isa = PBXBuildFile; fileRef = 089C7FC91EA07E9D00BEF607 /* YWLoopScrollViewDemoUITests.m */; };
		089C7FF81EA07F2700BEF607 /* CommonViewController.m in Sources */ = {isa = PBXBuildFile; fileRef = 089C7FE21EA07F2700BEF607 /* CommonViewController.m */; };
		089C7FF91EA07F2700BEF607 /* AutoLayoutObject.m in Sources */ = {isa = PBXBuildFile; fileRef = 089C7FE71EA07F2700BEF607 /* AutoLayoutObject.m */; };
		089C7FFA1EA07F2700BEF607 /* UIView+AutoLayoutAttribute.m in Sources */ = {isa = PBXBuildFile; fileRef = 089C7FE91EA07F2700BEF607 /* UIView+AutoLayoutAttribute.m */; };
		089C7FFC1EA07F2700BEF607 /* Assets.xcassets in Resources */ = {isa = PBXBuildFile; fileRef = 089C7FEF1EA07F2700BEF607 /* Assets.xcassets */; };
		089C7FFD1EA07F2700BEF607 /* LaunchScreen.storyboard in Resources */ = {isa = PBXBuildFile; fileRef = 089C7FF01EA07F2700BEF607 /* LaunchScreen.storyboard */; };
		089C7FFE1EA07F2700BEF607 /* Main.storyboard in Resources */ = {isa = PBXBuildFile; fileRef = 089C7FF21EA07F2700BEF607 /* Main.storyboard */; };
		089C7FFF1EA07F2700BEF607 /* Info.plist in Resources */ = {isa = PBXBuildFile; fileRef = 089C7FF41EA07F2700BEF607 /* Info.plist */; };
		089C80001EA07F2700BEF607 /* main.m in Sources */ = {isa = PBXBuildFile; fileRef = 089C7FF51EA07F2700BEF607 /* main.m */; };
		089C80031EA07F4700BEF607 /* HomeViewController.m in Sources */ = {isa = PBXBuildFile; fileRef = 089C80021EA07F4700BEF607 /* HomeViewController.m */; };
		089C80071EA0805C00BEF607 /* YWLoopScrollView.m in Sources */ = {isa = PBXBuildFile; fileRef = 089C80061EA0805C00BEF607 /* YWLoopScrollView.m */; };
		089C800D1EA0EB4800BEF607 /* img01.jpeg in Resources */ = {isa = PBXBuildFile; fileRef = 089C80081EA0EB4800BEF607 /* img01.jpeg */; };
		089C800E1EA0EB4800BEF607 /* img03.jpeg in Resources */ = {isa = PBXBuildFile; fileRef = 089C80091EA0EB4800BEF607 /* img03.jpeg */; };
		089C800F1EA0EB4800BEF607 /* img04.jpeg in Resources */ = {isa = PBXBuildFile; fileRef = 089C800A1EA0EB4800BEF607 /* img04.jpeg */; };
		089C80101EA0EB4800BEF607 /* img02.jpeg in Resources */ = {isa = PBXBuildFile; fileRef = 089C800B1EA0EB4800BEF607 /* img02.jpeg */; };
		089C80111EA0EB4800BEF607 /* img05.jpeg in Resources */ = {isa = PBXBuildFile; fileRef = 089C800C1EA0EB4800BEF607 /* img05.jpeg */; };
		089C80171EA2908D00BEF607 /* SecondViewController.m in Sources */ = {isa = PBXBuildFile; fileRef = 089C80161EA2908D00BEF607 /* SecondViewController.m */; };
/* End PBXBuildFile section */

/* Begin PBXContainerItemProxy section */
		089C7FBB1EA07E9D00BEF607 /* PBXContainerItemProxy */ = {
			isa = PBXContainerItemProxy;
			containerPortal = 089C7F991EA07E9D00BEF607 /* Project object */;
			proxyType = 1;
			remoteGlobalIDString = 089C7FA01EA07E9D00BEF607;
			remoteInfo = YWLoopScrollViewDemo;
		};
		089C7FC61EA07E9D00BEF607 /* PBXContainerItemProxy */ = {
			isa = PBXContainerItemProxy;
			containerPortal = 089C7F991EA07E9D00BEF607 /* Project object */;
			proxyType = 1;
			remoteGlobalIDString = 089C7FA01EA07E9D00BEF607;
			remoteInfo = YWLoopScrollViewDemo;
		};
/* End PBXContainerItemProxy section */

/* Begin PBXFileReference section */
		089C7FA11EA07E9D00BEF607 /* YWLoopScrollViewDemo.app */ = {isa = PBXFileReference; explicitFileType = wrapper.application; includeInIndex = 0; path = YWLoopScrollViewDemo.app; sourceTree = BUILT_PRODUCTS_DIR; };
		089C7FA71EA07E9D00BEF607 /* AppDelegate.h */ = {isa = PBXFileReference; lastKnownFileType = sourcecode.c.h; path = AppDelegate.h; sourceTree = "<group>"; };
		089C7FA81EA07E9D00BEF607 /* AppDelegate.m */ = {isa = PBXFileReference; lastKnownFileType = sourcecode.c.objc; path = AppDelegate.m; sourceTree = "<group>"; };
		089C7FBA1EA07E9D00BEF607 /* YWLoopScrollViewDemoTests.xctest */ = {isa = PBXFileReference; explicitFileType = wrapper.cfbundle; includeInIndex = 0; path = YWLoopScrollViewDemoTests.xctest; sourceTree = BUILT_PRODUCTS_DIR; };
		089C7FBE1EA07E9D00BEF607 /* YWLoopScrollViewDemoTests.m */ = {isa = PBXFileReference; lastKnownFileType = sourcecode.c.objc; path = YWLoopScrollViewDemoTests.m; sourceTree = "<group>"; };
		089C7FC01EA07E9D00BEF607 /* Info.plist */ = {isa = PBXFileReference; lastKnownFileType = text.plist.xml; path = Info.plist; sourceTree = "<group>"; };
		089C7FC51EA07E9D00BEF607 /* YWLoopScrollViewDemoUITests.xctest */ = {isa = PBXFileReference; explicitFileType = wrapper.cfbundle; includeInIndex = 0; path = YWLoopScrollViewDemoUITests.xctest; sourceTree = BUILT_PRODUCTS_DIR; };
		089C7FC91EA07E9D00BEF607 /* YWLoopScrollViewDemoUITests.m */ = {isa = PBXFileReference; lastKnownFileType = sourcecode.c.objc; path = YWLoopScrollViewDemoUITests.m; sourceTree = "<group>"; };
		089C7FCB1EA07E9D00BEF607 /* Info.plist */ = {isa = PBXFileReference; lastKnownFileType = text.plist.xml; path = Info.plist; sourceTree = "<group>"; };
		089C7FE11EA07F2700BEF607 /* CommonViewController.h */ = {isa = PBXFileReference; fileEncoding = 4; lastKnownFileType = sourcecode.c.h; path = CommonViewController.h; sourceTree = "<group>"; };
		089C7FE21EA07F2700BEF607 /* CommonViewController.m */ = {isa = PBXFileReference; fileEncoding = 4; lastKnownFileType = sourcecode.c.objc; path = CommonViewController.m; sourceTree = "<group>"; };
		089C7FE31EA07F2700BEF607 /* PublicDefine.h */ = {isa = PBXFileReference; fileEncoding = 4; lastKnownFileType = sourcecode.c.h; path = PublicDefine.h; sourceTree = "<group>"; };
		089C7FE61EA07F2700BEF607 /* AutoLayoutObject.h */ = {isa = PBXFileReference; fileEncoding = 4; lastKnownFileType = sourcecode.c.h; path = AutoLayoutObject.h; sourceTree = "<group>"; };
		089C7FE71EA07F2700BEF607 /* AutoLayoutObject.m */ = {isa = PBXFileReference; fileEncoding = 4; lastKnownFileType = sourcecode.c.objc; path = AutoLayoutObject.m; sourceTree = "<group>"; };
		089C7FE81EA07F2700BEF607 /* UIView+AutoLayoutAttribute.h */ = {isa = PBXFileReference; fileEncoding = 4; lastKnownFileType = sourcecode.c.h; path = "UIView+AutoLayoutAttribute.h"; sourceTree = "<group>"; };
		089C7FE91EA07F2700BEF607 /* UIView+AutoLayoutAttribute.m */ = {isa = PBXFileReference; fileEncoding = 4; lastKnownFileType = sourcecode.c.objc; path = "UIView+AutoLayoutAttribute.m"; sourceTree = "<group>"; };
		089C7FEA1EA07F2700BEF607 /* YWAutoLayout.h */ = {isa = PBXFileReference; fileEncoding = 4; lastKnownFileType = sourcecode.c.h; path = YWAutoLayout.h; sourceTree = "<group>"; };
		089C7FEF1EA07F2700BEF607 /* Assets.xcassets */ = {isa = PBXFileReference; lastKnownFileType = folder.assetcatalog; path = Assets.xcassets; sourceTree = "<group>"; };
		089C7FF11EA07F2700BEF607 /* Base */ = {isa = PBXFileReference; lastKnownFileType = file.storyboard; name = Base; path = Base.lproj/LaunchScreen.storyboard; sourceTree = "<group>"; };
		089C7FF31EA07F2700BEF607 /* Base */ = {isa = PBXFileReference; lastKnownFileType = file.storyboard; name = Base; path = Base.lproj/Main.storyboard; sourceTree = "<group>"; };
		089C7FF41EA07F2700BEF607 /* Info.plist */ = {isa = PBXFileReference; fileEncoding = 4; lastKnownFileType = text.plist.xml; path = Info.plist; sourceTree = "<group>"; };
		089C7FF51EA07F2700BEF607 /* main.m */ = {isa = PBXFileReference; fileEncoding = 4; lastKnownFileType = sourcecode.c.objc; path = main.m; sourceTree = "<group>"; };
		089C7FF61EA07F2700BEF607 /* PrefixHeader.pch */ = {isa = PBXFileReference; fileEncoding = 4; lastKnownFileType = sourcecode.c.h; path = PrefixHeader.pch; sourceTree = "<group>"; };
		089C80011EA07F4700BEF607 /* HomeViewController.h */ = {isa = PBXFileReference; fileEncoding = 4; lastKnownFileType = sourcecode.c.h; path = HomeViewController.h; sourceTree = "<group>"; };
		089C80021EA07F4700BEF607 /* HomeViewController.m */ = {isa = PBXFileReference; fileEncoding = 4; lastKnownFileType = sourcecode.c.objc; path = HomeViewController.m; sourceTree = "<group>"; };
		089C80051EA0805C00BEF607 /* YWLoopScrollView.h */ = {isa = PBXFileReference; fileEncoding = 4; lastKnownFileType = sourcecode.c.h; path = YWLoopScrollView.h; sourceTree = "<group>"; };
		089C80061EA0805C00BEF607 /* YWLoopScrollView.m */ = {isa = PBXFileReference; fileEncoding = 4; lastKnownFileType = sourcecode.c.objc; path = YWLoopScrollView.m; sourceTree = "<group>"; };
		089C80081EA0EB4800BEF607 /* img01.jpeg */ = {isa = PBXFileReference; lastKnownFileType = image.jpeg; path = img01.jpeg; sourceTree = "<group>"; };
		089C80091EA0EB4800BEF607 /* img03.jpeg */ = {isa = PBXFileReference; lastKnownFileType = image.jpeg; path = img03.jpeg; sourceTree = "<group>"; };
		089C800A1EA0EB4800BEF607 /* img04.jpeg */ = {isa = PBXFileReference; lastKnownFileType = image.jpeg; path = img04.jpeg; sourceTree = "<group>"; };
		089C800B1EA0EB4800BEF607 /* img02.jpeg */ = {isa = PBXFileReference; lastKnownFileType = image.jpeg; path = img02.jpeg; sourceTree = "<group>"; };
		089C800C1EA0EB4800BEF607 /* img05.jpeg */ = {isa = PBXFileReference; lastKnownFileType = image.jpeg; path = img05.jpeg; sourceTree = "<group>"; };
		089C80151EA2908D00BEF607 /* SecondViewController.h */ = {isa = PBXFileReference; fileEncoding = 4; lastKnownFileType = sourcecode.c.h; path = SecondViewController.h; sourceTree = "<group>"; };
		089C80161EA2908D00BEF607 /* SecondViewController.m */ = {isa = PBXFileReference; fileEncoding = 4; lastKnownFileType = sourcecode.c.objc; path = SecondViewController.m; sourceTree = "<group>"; };
/* End PBXFileReference section */

/* Begin PBXFrameworksBuildPhase section */
		089C7F9E1EA07E9D00BEF607 /* Frameworks */ = {
			isa = PBXFrameworksBuildPhase;
			buildActionMask = 2147483647;
			files = (
			);
			runOnlyForDeploymentPostprocessing = 0;
		};
		089C7FB71EA07E9D00BEF607 /* Frameworks */ = {
			isa = PBXFrameworksBuildPhase;
			buildActionMask = 2147483647;
			files = (
			);
			runOnlyForDeploymentPostprocessing = 0;
		};
		089C7FC21EA07E9D00BEF607 /* Frameworks */ = {
			isa = PBXFrameworksBuildPhase;
			buildActionMask = 2147483647;
			files = (
			);
			runOnlyForDeploymentPostprocessing = 0;
		};
/* End PBXFrameworksBuildPhase section */

/* Begin PBXGroup section */
		089C7F981EA07E9D00BEF607 = {
			isa = PBXGroup;
			children = (
				089C7FA31EA07E9D00BEF607 /* YWLoopScrollViewDemo */,
				089C7FBD1EA07E9D00BEF607 /* YWLoopScrollViewDemoTests */,
				089C7FC81EA07E9D00BEF607 /* YWLoopScrollViewDemoUITests */,
				089C7FA21EA07E9D00BEF607 /* Products */,
			);
			sourceTree = "<group>";
		};
		089C7FA21EA07E9D00BEF607 /* Products */ = {
			isa = PBXGroup;
			children = (
				089C7FA11EA07E9D00BEF607 /* YWLoopScrollViewDemo.app */,
				089C7FBA1EA07E9D00BEF607 /* YWLoopScrollViewDemoTests.xctest */,
				089C7FC51EA07E9D00BEF607 /* YWLoopScrollViewDemoUITests.xctest */,
			);
			name = Products;
			sourceTree = "<group>";
		};
		089C7FA31EA07E9D00BEF607 /* YWLoopScrollViewDemo */ = {
			isa = PBXGroup;
			children = (
				089C7FD71EA07F2700BEF607 /* Function */,
				089C7FDF1EA07F2700BEF607 /* Public */,
				089C7FEE1EA07F2700BEF607 /* Supporting Files */,
				089C7FA71EA07E9D00BEF607 /* AppDelegate.h */,
				089C7FA81EA07E9D00BEF607 /* AppDelegate.m */,
			);
			path = YWLoopScrollViewDemo;
			sourceTree = "<group>";
		};
		089C7FBD1EA07E9D00BEF607 /* YWLoopScrollViewDemoTests */ = {
			isa = PBXGroup;
			children = (
				089C7FBE1EA07E9D00BEF607 /* YWLoopScrollViewDemoTests.m */,
				089C7FC01EA07E9D00BEF607 /* Info.plist */,
			);
			path = YWLoopScrollViewDemoTests;
			sourceTree = "<group>";
		};
		089C7FC81EA07E9D00BEF607 /* YWLoopScrollViewDemoUITests */ = {
			isa = PBXGroup;
			children = (
				089C7FC91EA07E9D00BEF607 /* YWLoopScrollViewDemoUITests.m */,
				089C7FCB1EA07E9D00BEF607 /* Info.plist */,
			);
			path = YWLoopScrollViewDemoUITests;
			sourceTree = "<group>";
		};
		089C7FD71EA07F2700BEF607 /* Function */ = {
			isa = PBXGroup;
			children = (
				089C7FD81EA07F2700BEF607 /* Home */,
			);
			path = Function;
			sourceTree = "<group>";
		};
		089C7FD81EA07F2700BEF607 /* Home */ = {
			isa = PBXGroup;
			children = (
				089C7FD91EA07F2700BEF607 /* CHome */,
				089C7FDC1EA07F2700BEF607 /* MHome */,
				089C7FDD1EA07F2700BEF607 /* RHome */,
				089C7FDE1EA07F2700BEF607 /* VHome */,
			);
			path = Home;
			sourceTree = "<group>";
		};
		089C7FD91EA07F2700BEF607 /* CHome */ = {
			isa = PBXGroup;
			children = (
				089C80151EA2908D00BEF607 /* SecondViewController.h */,
				089C80161EA2908D00BEF607 /* SecondViewController.m */,
				089C80011EA07F4700BEF607 /* HomeViewController.h */,
				089C80021EA07F4700BEF607 /* HomeViewController.m */,
			);
			path = CHome;
			sourceTree = "<group>";
		};
		089C7FDC1EA07F2700BEF607 /* MHome */ = {
			isa = PBXGroup;
			children = (
			);
			path = MHome;
			sourceTree = "<group>";
		};
		089C7FDD1EA07F2700BEF607 /* RHome */ = {
			isa = PBXGroup;
			children = (
				089C80081EA0EB4800BEF607 /* img01.jpeg */,
				089C80091EA0EB4800BEF607 /* img03.jpeg */,
				089C800A1EA0EB4800BEF607 /* img04.jpeg */,
				089C800B1EA0EB4800BEF607 /* img02.jpeg */,
				089C800C1EA0EB4800BEF607 /* img05.jpeg */,
			);
			path = RHome;
			sourceTree = "<group>";
		};
		089C7FDE1EA07F2700BEF607 /* VHome */ = {
			isa = PBXGroup;
			children = (
			);
			path = VHome;
			sourceTree = "<group>";
		};
		089C7FDF1EA07F2700BEF607 /* Public */ = {
			isa = PBXGroup;
			children = (
				089C7FE01EA07F2700BEF607 /* PublicCommon */,
				089C7FE41EA07F2700BEF607 /* PublicFunction */,
			);
			path = Public;
			sourceTree = "<group>";
		};
		089C7FE01EA07F2700BEF607 /* PublicCommon */ = {
			isa = PBXGroup;
			children = (
				089C7FE11EA07F2700BEF607 /* CommonViewController.h */,
				089C7FE21EA07F2700BEF607 /* CommonViewController.m */,
				089C7FE31EA07F2700BEF607 /* PublicDefine.h */,
			);
			path = PublicCommon;
			sourceTree = "<group>";
		};
		089C7FE41EA07F2700BEF607 /* PublicFunction */ = {
			isa = PBXGroup;
			children = (
				089C80041EA0803000BEF607 /* YWLoopScrollView */,
				089C7FE51EA07F2700BEF607 /* YWAutoLayout */,
			);
			path = PublicFunction;
			sourceTree = "<group>";
		};
		089C7FE51EA07F2700BEF607 /* YWAutoLayout */ = {
			isa = PBXGroup;
			children = (
				089C7FE61EA07F2700BEF607 /* AutoLayoutObject.h */,
				089C7FE71EA07F2700BEF607 /* AutoLayoutObject.m */,
				089C7FE81EA07F2700BEF607 /* UIView+AutoLayoutAttribute.h */,
				089C7FE91EA07F2700BEF607 /* UIView+AutoLayoutAttribute.m */,
				089C7FEA1EA07F2700BEF607 /* YWAutoLayout.h */,
			);
			path = YWAutoLayout;
			sourceTree = "<group>";
		};
		089C7FEE1EA07F2700BEF607 /* Supporting Files */ = {
			isa = PBXGroup;
			children = (
				089C7FEF1EA07F2700BEF607 /* Assets.xcassets */,
				089C7FF01EA07F2700BEF607 /* LaunchScreen.storyboard */,
				089C7FF21EA07F2700BEF607 /* Main.storyboard */,
				089C7FF41EA07F2700BEF607 /* Info.plist */,
				089C7FF51EA07F2700BEF607 /* main.m */,
				089C7FF61EA07F2700BEF607 /* PrefixHeader.pch */,
			);
			path = "Supporting Files";
			sourceTree = "<group>";
		};
		089C80041EA0803000BEF607 /* YWLoopScrollView */ = {
			isa = PBXGroup;
			children = (
				089C80051EA0805C00BEF607 /* YWLoopScrollView.h */,
				089C80061EA0805C00BEF607 /* YWLoopScrollView.m */,
			);
			path = YWLoopScrollView;
			sourceTree = "<group>";
		};
/* End PBXGroup section */

/* Begin PBXNativeTarget section */
		089C7FA01EA07E9D00BEF607 /* YWLoopScrollViewDemo */ = {
			isa = PBXNativeTarget;
			buildConfigurationList = 089C7FCE1EA07E9D00BEF607 /* Build configuration list for PBXNativeTarget "YWLoopScrollViewDemo" */;
			buildPhases = (
				089C7F9D1EA07E9D00BEF607 /* Sources */,
				089C7F9E1EA07E9D00BEF607 /* Frameworks */,
				089C7F9F1EA07E9D00BEF607 /* Resources */,
			);
			buildRules = (
			);
			dependencies = (
			);
			name = YWLoopScrollViewDemo;
			productName = YWLoopScrollViewDemo;
			productReference = 089C7FA11EA07E9D00BEF607 /* YWLoopScrollViewDemo.app */;
			productType = "com.apple.product-type.application";
		};
		089C7FB91EA07E9D00BEF607 /* YWLoopScrollViewDemoTests */ = {
			isa = PBXNativeTarget;
			buildConfigurationList = 089C7FD11EA07E9D00BEF607 /* Build configuration list for PBXNativeTarget "YWLoopScrollViewDemoTests" */;
			buildPhases = (
				089C7FB61EA07E9D00BEF607 /* Sources */,
				089C7FB71EA07E9D00BEF607 /* Frameworks */,
				089C7FB81EA07E9D00BEF607 /* Resources */,
			);
			buildRules = (
			);
			dependencies = (
				089C7FBC1EA07E9D00BEF607 /* PBXTargetDependency */,
			);
			name = YWLoopScrollViewDemoTests;
			productName = YWLoopScrollViewDemoTests;
			productReference = 089C7FBA1EA07E9D00BEF607 /* YWLoopScrollViewDemoTests.xctest */;
			productType = "com.apple.product-type.bundle.unit-test";
		};
		089C7FC41EA07E9D00BEF607 /* YWLoopScrollViewDemoUITests */ = {
			isa = PBXNativeTarget;
			buildConfigurationList = 089C7FD41EA07E9D00BEF607 /* Build configuration list for PBXNativeTarget "YWLoopScrollViewDemoUITests" */;
			buildPhases = (
				089C7FC11EA07E9D00BEF607 /* Sources */,
				089C7FC21EA07E9D00BEF607 /* Frameworks */,
				089C7FC31EA07E9D00BEF607 /* Resources */,
			);
			buildRules = (
			);
			dependencies = (
				089C7FC71EA07E9D00BEF607 /* PBXTargetDependency */,
			);
			name = YWLoopScrollViewDemoUITests;
			productName = YWLoopScrollViewDemoUITests;
			productReference = 089C7FC51EA07E9D00BEF607 /* YWLoopScrollViewDemoUITests.xctest */;
			productType = "com.apple.product-type.bundle.ui-testing";
		};
/* End PBXNativeTarget section */

/* Begin PBXProject section */
		089C7F991EA07E9D00BEF607 /* Project object */ = {
			isa = PBXProject;
			attributes = {
				LastUpgradeCheck = 0810;
				ORGANIZATIONNAME = wyw;
				TargetAttributes = {
					089C7FA01EA07E9D00BEF607 = {
						CreatedOnToolsVersion = 8.1;
						ProvisioningStyle = Automatic;
					};
					089C7FB91EA07E9D00BEF607 = {
						CreatedOnToolsVersion = 8.1;
						ProvisioningStyle = Automatic;
						TestTargetID = 089C7FA01EA07E9D00BEF607;
					};
					089C7FC41EA07E9D00BEF607 = {
						CreatedOnToolsVersion = 8.1;
						ProvisioningStyle = Automatic;
						TestTargetID = 089C7FA01EA07E9D00BEF607;
					};
				};
			};
			buildConfigurationList = 089C7F9C1EA07E9D00BEF607 /* Build configuration list for PBXProject "YWLoopScrollViewDemo" */;
			compatibilityVersion = "Xcode 3.2";
			developmentRegion = English;
			hasScannedForEncodings = 0;
			knownRegions = (
				en,
				Base,
			);
			mainGroup = 089C7F981EA07E9D00BEF607;
			productRefGroup = 089C7FA21EA07E9D00BEF607 /* Products */;
			projectDirPath = "";
			projectRoot = "";
			targets = (
				089C7FA01EA07E9D00BEF607 /* YWLoopScrollViewDemo */,
				089C7FB91EA07E9D00BEF607 /* YWLoopScrollViewDemoTests */,
				089C7FC41EA07E9D00BEF607 /* YWLoopScrollViewDemoUITests */,
			);
		};
/* End PBXProject section */

/* Begin PBXResourcesBuildPhase section */
		089C7F9F1EA07E9D00BEF607 /* Resources */ = {
			isa = PBXResourcesBuildPhase;
			buildActionMask = 2147483647;
			files = (
				089C80111EA0EB4800BEF607 /* img05.jpeg in Resources */,
				089C7FFF1EA07F2700BEF607 /* Info.plist in Resources */,
				089C800F1EA0EB4800BEF607 /* img04.jpeg in Resources */,
				089C800D1EA0EB4800BEF607 /* img01.jpeg in Resources */,
				089C7FFE1EA07F2700BEF607 /* Main.storyboard in Resources */,
				089C7FFC1EA07F2700BEF607 /* Assets.xcassets in Resources */,
				089C80101EA0EB4800BEF607 /* img02.jpeg in Resources */,
				089C800E1EA0EB4800BEF607 /* img03.jpeg in Resources */,
				089C7FFD1EA07F2700BEF607 /* LaunchScreen.storyboard in Resources */,
			);
			runOnlyForDeploymentPostprocessing = 0;
		};
		089C7FB81EA07E9D00BEF607 /* Resources */ = {
			isa = PBXResourcesBuildPhase;
			buildActionMask = 2147483647;
			files = (
			);
			runOnlyForDeploymentPostprocessing = 0;
		};
		089C7FC31EA07E9D00BEF607 /* Resources */ = {
			isa = PBXResourcesBuildPhase;
			buildActionMask = 2147483647;
			files = (
			);
			runOnlyForDeploymentPostprocessing = 0;
		};
/* End PBXResourcesBuildPhase section */

/* Begin PBXSourcesBuildPhase section */
		089C7F9D1EA07E9D00BEF607 /* Sources */ = {
			isa = PBXSourcesBuildPhase;
			buildActionMask = 2147483647;
			files = (
				089C80071EA0805C00BEF607 /* YWLoopScrollView.m in Sources */,
				089C7FA91EA07E9D00BEF607 /* AppDelegate.m in Sources */,
				089C7FF81EA07F2700BEF607 /* CommonViewController.m in Sources */,
				089C7FF91EA07F2700BEF607 /* AutoLayoutObject.m in Sources */,
				089C80171EA2908D00BEF607 /* SecondViewController.m in Sources */,
				089C80001EA07F2700BEF607 /* main.m in Sources */,
				089C80031EA07F4700BEF607 /* HomeViewController.m in Sources */,
				089C7FFA1EA07F2700BEF607 /* UIView+AutoLayoutAttribute.m in Sources */,
			);
			runOnlyForDeploymentPostprocessing = 0;
		};
		089C7FB61EA07E9D00BEF607 /* Sources */ = {
			isa = PBXSourcesBuildPhase;
			buildActionMask = 2147483647;
			files = (
				089C7FBF1EA07E9D00BEF607 /* YWLoopScrollViewDemoTests.m in Sources */,
			);
			runOnlyForDeploymentPostprocessing = 0;
		};
		089C7FC11EA07E9D00BEF607 /* Sources */ = {
			isa = PBXSourcesBuildPhase;
			buildActionMask = 2147483647;
			files = (
				089C7FCA1EA07E9D00BEF607 /* YWLoopScrollViewDemoUITests.m in Sources */,
			);
			runOnlyForDeploymentPostprocessing = 0;
		};
/* End PBXSourcesBuildPhase section */

/* Begin PBXTargetDependency section */
		089C7FBC1EA07E9D00BEF607 /* PBXTargetDependency */ = {
			isa = PBXTargetDependency;
			target = 089C7FA01EA07E9D00BEF607 /* YWLoopScrollViewDemo */;
			targetProxy = 089C7FBB1EA07E9D00BEF607 /* PBXContainerItemProxy */;
		};
		089C7FC71EA07E9D00BEF607 /* PBXTargetDependency */ = {
			isa = PBXTargetDependency;
			target = 089C7FA01EA07E9D00BEF607 /* YWLoopScrollViewDemo */;
			targetProxy = 089C7FC61EA07E9D00BEF607 /* PBXContainerItemProxy */;
		};
/* End PBXTargetDependency section */

/* Begin PBXVariantGroup section */
		089C7FF01EA07F2700BEF607 /* LaunchScreen.storyboard */ = {
			isa = PBXVariantGroup;
			children = (
				089C7FF11EA07F2700BEF607 /* Base */,
			);
			name = LaunchScreen.storyboard;
			sourceTree = "<group>";
		};
		089C7FF21EA07F2700BEF607 /* Main.storyboard */ = {
			isa = PBXVariantGroup;
			children = (
				089C7FF31EA07F2700BEF607 /* Base */,
			);
			name = Main.storyboard;
			sourceTree = "<group>";
		};
/* End PBXVariantGroup section */

/* Begin XCBuildConfiguration section */
		089C7FCC1EA07E9D00BEF607 /* Debug */ = {
			isa = XCBuildConfiguration;
			buildSettings = {
				ALWAYS_SEARCH_USER_PATHS = NO;
				CLANG_ANALYZER_NONNULL = YES;
				CLANG_CXX_LANGUAGE_STANDARD = "gnu++0x";
				CLANG_CXX_LIBRARY = "libc++";
				CLANG_ENABLE_MODULES = YES;
				CLANG_ENABLE_OBJC_ARC = YES;
				CLANG_WARN_BOOL_CONVERSION = YES;
				CLANG_WARN_CONSTANT_CONVERSION = YES;
				CLANG_WARN_DIRECT_OBJC_ISA_USAGE = YES_ERROR;
				CLANG_WARN_DOCUMENTATION_COMMENTS = YES;
				CLANG_WARN_EMPTY_BODY = YES;
				CLANG_WARN_ENUM_CONVERSION = YES;
				CLANG_WARN_INFINITE_RECURSION = YES;
				CLANG_WARN_INT_CONVERSION = YES;
				CLANG_WARN_OBJC_ROOT_CLASS = YES_ERROR;
				CLANG_WARN_SUSPICIOUS_MOVES = YES;
				CLANG_WARN_UNREACHABLE_CODE = YES;
				CLANG_WARN__DUPLICATE_METHOD_MATCH = YES;
				"CODE_SIGN_IDENTITY[sdk=iphoneos*]" = "iPhone Developer";
				COPY_PHASE_STRIP = NO;
				DEBUG_INFORMATION_FORMAT = dwarf;
				ENABLE_STRICT_OBJC_MSGSEND = YES;
				ENABLE_TESTABILITY = YES;
				GCC_C_LANGUAGE_STANDARD = gnu99;
				GCC_DYNAMIC_NO_PIC = NO;
				GCC_NO_COMMON_BLOCKS = YES;
				GCC_OPTIMIZATION_LEVEL = 0;
				GCC_PREPROCESSOR_DEFINITIONS = (
					"DEBUG=1",
					"$(inherited)",
				);
				GCC_WARN_64_TO_32_BIT_CONVERSION = YES;
				GCC_WARN_ABOUT_RETURN_TYPE = YES_ERROR;
				GCC_WARN_UNDECLARED_SELECTOR = YES;
				GCC_WARN_UNINITIALIZED_AUTOS = YES_AGGRESSIVE;
				GCC_WARN_UNUSED_FUNCTION = YES;
				GCC_WARN_UNUSED_VARIABLE = YES;
				IPHONEOS_DEPLOYMENT_TARGET = 10.1;
				MTL_ENABLE_DEBUG_INFO = YES;
				ONLY_ACTIVE_ARCH = YES;
				SDKROOT = iphoneos;
			};
			name = Debug;
		};
		089C7FCD1EA07E9D00BEF607 /* Release */ = {
			isa = XCBuildConfiguration;
			buildSettings = {
				ALWAYS_SEARCH_USER_PATHS = NO;
				CLANG_ANALYZER_NONNULL = YES;
				CLANG_CXX_LANGUAGE_STANDARD = "gnu++0x";
				CLANG_CXX_LIBRARY = "libc++";
				CLANG_ENABLE_MODULES = YES;
				CLANG_ENABLE_OBJC_ARC = YES;
				CLANG_WARN_BOOL_CONVERSION = YES;
				CLANG_WARN_CONSTANT_CONVERSION = YES;
				CLANG_WARN_DIRECT_OBJC_ISA_USAGE = YES_ERROR;
				CLANG_WARN_DOCUMENTATION_COMMENTS = YES;
				CLANG_WARN_EMPTY_BODY = YES;
				CLANG_WARN_ENUM_CONVERSION = YES;
				CLANG_WARN_INFINITE_RECURSION = YES;
				CLANG_WARN_INT_CONVERSION = YES;
				CLANG_WARN_OBJC_ROOT_CLASS = YES_ERROR;
				CLANG_WARN_SUSPICIOUS_MOVES = YES;
				CLANG_WARN_UNREACHABLE_CODE = YES;
				CLANG_WARN__DUPLICATE_METHOD_MATCH = YES;
				"CODE_SIGN_IDENTITY[sdk=iphoneos*]" = "iPhone Developer";
				COPY_PHASE_STRIP = NO;
				DEBUG_INFORMATION_FORMAT = "dwarf-with-dsym";
				ENABLE_NS_ASSERTIONS = NO;
				ENABLE_STRICT_OBJC_MSGSEND = YES;
				GCC_C_LANGUAGE_STANDARD = gnu99;
				GCC_NO_COMMON_BLOCKS = YES;
				GCC_WARN_64_TO_32_BIT_CONVERSION = YES;
				GCC_WARN_ABOUT_RETURN_TYPE = YES_ERROR;
				GCC_WARN_UNDECLARED_SELECTOR = YES;
				GCC_WARN_UNINITIALIZED_AUTOS = YES_AGGRESSIVE;
				GCC_WARN_UNUSED_FUNCTION = YES;
				GCC_WARN_UNUSED_VARIABLE = YES;
				IPHONEOS_DEPLOYMENT_TARGET = 10.1;
				MTL_ENABLE_DEBUG_INFO = NO;
				SDKROOT = iphoneos;
				VALIDATE_PRODUCT = YES;
			};
			name = Release;
		};
		089C7FCF1EA07E9D00BEF607 /* Debug */ = {
			isa = XCBuildConfiguration;
			buildSettings = {
				ASSETCATALOG_COMPILER_APPICON_NAME = AppIcon;
				GCC_INCREASE_PRECOMPILED_HEADER_SHARING = NO;
				GCC_PRECOMPILE_PREFIX_HEADER = YES;
				GCC_PREFIX_HEADER = "/Users/wangyawen/Documents/TEMP/YWLoopScrollViewDemo/YWLoopScrollViewDemo/Supporting Files/PrefixHeader.pch";
				INFOPLIST_FILE = "/Users/wangyawen/Documents/TEMP/YWLoopScrollViewDemo/YWLoopScrollViewDemo/Supporting Files/Info.plist";
				LD_RUNPATH_SEARCH_PATHS = "$(inherited) @executable_path/Frameworks";
				PRODUCT_BUNDLE_IDENTIFIER = wyw.YWLoopScrollViewDemo;
				PRODUCT_NAME = "$(TARGET_NAME)";
			};
			name = Debug;
		};
		089C7FD01EA07E9D00BEF607 /* Release */ = {
			isa = XCBuildConfiguration;
			buildSettings = {
				ASSETCATALOG_COMPILER_APPICON_NAME = AppIcon;
				GCC_INCREASE_PRECOMPILED_HEADER_SHARING = NO;
				GCC_PRECOMPILE_PREFIX_HEADER = YES;
				GCC_PREFIX_HEADER = "/Users/wangyawen/Documents/TEMP/YWLoopScrollViewDemo/YWLoopScrollViewDemo/Supporting Files/PrefixHeader.pch";
				INFOPLIST_FILE = "/Users/wangyawen/Documents/TEMP/YWLoopScrollViewDemo/YWLoopScrollViewDemo/Supporting Files/Info.plist";
				LD_RUNPATH_SEARCH_PATHS = "$(inherited) @executable_path/Frameworks";
				PRODUCT_BUNDLE_IDENTIFIER = wyw.YWLoopScrollViewDemo;
				PRODUCT_NAME = "$(TARGET_NAME)";
			};
			name = Release;
		};
		089C7FD21EA07E9D00BEF607 /* Debug */ = {
			isa = XCBuildConfiguration;
			buildSettings = {
				BUNDLE_LOADER = "$(TEST_HOST)";
				INFOPLIST_FILE = YWLoopScrollViewDemoTests/Info.plist;
				LD_RUNPATH_SEARCH_PATHS = "$(inherited) @executable_path/Frameworks @loader_path/Frameworks";
				PRODUCT_BUNDLE_IDENTIFIER = wyw.YWLoopScrollViewDemoTests;
				PRODUCT_NAME = "$(TARGET_NAME)";
				TEST_HOST = "$(BUILT_PRODUCTS_DIR)/YWLoopScrollViewDemo.app/YWLoopScrollViewDemo";
			};
			name = Debug;
		};
		089C7FD31EA07E9D00BEF607 /* Release */ = {
			isa = XCBuildConfiguration;
			buildSettings = {
				BUNDLE_LOADER = "$(TEST_HOST)";
				INFOPLIST_FILE = YWLoopScrollViewDemoTests/Info.plist;
				LD_RUNPATH_SEARCH_PATHS = "$(inherited) @executable_path/Frameworks @loader_path/Frameworks";
				PRODUCT_BUNDLE_IDENTIFIER = wyw.YWLoopScrollViewDemoTests;
				PRODUCT_NAME = "$(TARGET_NAME)";
				TEST_HOST = "$(BUILT_PRODUCTS_DIR)/YWLoopScrollViewDemo.app/YWLoopScrollViewDemo";
			};
			name = Release;
		};
		089C7FD51EA07E9D00BEF607 /* Debug */ = {
			isa = XCBuildConfiguration;
			buildSettings = {
				INFOPLIST_FILE = YWLoopScrollViewDemoUITests/Info.plist;
				LD_RUNPATH_SEARCH_PATHS = "$(inherited) @executable_path/Frameworks @loader_path/Frameworks";
				PRODUCT_BUNDLE_IDENTIFIER = wyw.YWLoopScrollViewDemoUITests;
				PRODUCT_NAME = "$(TARGET_NAME)";
				TEST_TARGET_NAME = YWLoopScrollViewDemo;
			};
			name = Debug;
		};
		089C7FD61EA07E9D00BEF607 /* Release */ = {
			isa = XCBuildConfiguration;
			buildSettings = {
				INFOPLIST_FILE = YWLoopScrollViewDemoUITests/Info.plist;
				LD_RUNPATH_SEARCH_PATHS = "$(inherited) @executable_path/Frameworks @loader_path/Frameworks";
				PRODUCT_BUNDLE_IDENTIFIER = wyw.YWLoopScrollViewDemoUITests;
				PRODUCT_NAME = "$(TARGET_NAME)";
				TEST_TARGET_NAME = YWLoopScrollViewDemo;
			};
			name = Release;
		};
/* End XCBuildConfiguration section */

/* Begin XCConfigurationList section */
		089C7F9C1EA07E9D00BEF607 /* Build configuration list for PBXProject "YWLoopScrollViewDemo" */ = {
			isa = XCConfigurationList;
			buildConfigurations = (
				089C7FCC1EA07E9D00BEF607 /* Debug */,
				089C7FCD1EA07E9D00BEF607 /* Release */,
			);
			defaultConfigurationIsVisible = 0;
			defaultConfigurationName = Release;
		};
		089C7FCE1EA07E9D00BEF607 /* Build configuration list for PBXNativeTarget "YWLoopScrollViewDemo" */ = {
			isa = XCConfigurationList;
			buildConfigurations = (
				089C7FCF1EA07E9D00BEF607 /* Debug */,
				089C7FD01EA07E9D00BEF607 /* Release */,
			);
			defaultConfigurationIsVisible = 0;
			defaultConfigurationName = Release;
		};
		089C7FD11EA07E9D00BEF607 /* Build configuration list for PBXNativeTarget "YWLoopScrollViewDemoTests" */ = {
			isa = XCConfigurationList;
			buildConfigurations = (
				089C7FD21EA07E9D00BEF607 /* Debug */,
				089C7FD31EA07E9D00BEF607 /* Release */,
			);
			defaultConfigurationIsVisible = 0;
			defaultConfigurationName = Release;
		};
		089C7FD41EA07E9D00BEF607 /* Build configuration list for PBXNativeTarget "YWLoopScrollViewDemoUITests" */ = {
			isa = XCConfigurationList;
			buildConfigurations = (
				089C7FD51EA07E9D00BEF607 /* Debug */,
				089C7FD61EA07E9D00BEF607 /* Release */,
			);
			defaultConfigurationIsVisible = 0;
			defaultConfigurationName = Release;
		};
/* End XCConfigurationList section */
	};
	rootObject = 089C7F991EA07E9D00BEF607 /* Project object */;
}
